// !$*UTF8*$!
{
	archiveVersion = 1;
	classes = {
	};
	objectVersion = 46;
	objects = {

/* Begin PBXBuildFile section */
		726E95D61CCCCE1F00FFB351 /* AppDelegate.swift in Sources */ = {isa = PBXBuildFile; fileRef = 726E95D51CCCCE1F00FFB351 /* AppDelegate.swift */; };
		726E95D81CCCCE1F00FFB351 /* ViewController.swift in Sources */ = {isa = PBXBuildFile; fileRef = 726E95D71CCCCE1F00FFB351 /* ViewController.swift */; };
		726E95DB1CCCCE1F00FFB351 /* Main.storyboard in Resources */ = {isa = PBXBuildFile; fileRef = 726E95D91CCCCE1F00FFB351 /* Main.storyboard */; };
		726E95DD1CCCCE1F00FFB351 /* Assets.xcassets in Resources */ = {isa = PBXBuildFile; fileRef = 726E95DC1CCCCE1F00FFB351 /* Assets.xcassets */; };
		726E95E01CCCCE1F00FFB351 /* LaunchScreen.storyboard in Resources */ = {isa = PBXBuildFile; fileRef = 726E95DE1CCCCE1F00FFB351 /* LaunchScreen.storyboard */; };
/* End PBXBuildFile section */

/* Begin PBXFileReference section */
		726E95D21CCCCE1F00FFB351 /* Test MDWamp with Thruway Router.app */ = {isa = PBXFileReference; explicitFileType = wrapper.application; includeInIndex = 0; path = "Test MDWamp with Thruway Router.app"; sourceTree = BUILT_PRODUCTS_DIR; };
		726E95D51CCCCE1F00FFB351 /* AppDelegate.swift */ = {isa = PBXFileReference; lastKnownFileType = sourcecode.swift; path = AppDelegate.swift; sourceTree = "<group>"; };
		726E95D71CCCCE1F00FFB351 /* ViewController.swift */ = {isa = PBXFileReference; lastKnownFileType = sourcecode.swift; path = ViewController.swift; sourceTree = "<group>"; };
		726E95DA1CCCCE1F00FFB351 /* Base */ = {isa = PBXFileReference; lastKnownFileType = file.storyboard; name = Base; path = Base.lproj/Main.storyboard; sourceTree = "<group>"; };
		726E95DC1CCCCE1F00FFB351 /* Assets.xcassets */ = {isa = PBXFileReference; lastKnownFileType = folder.assetcatalog; path = Assets.xcassets; sourceTree = "<group>"; };
		726E95DF1CCCCE1F00FFB351 /* Base */ = {isa = PBXFileReference; lastKnownFileType = file.storyboard; name = Base; path = Base.lproj/LaunchScreen.storyboard; sourceTree = "<group>"; };
		726E95E11CCCCE1F00FFB351 /* Info.plist */ = {isa = PBXFileReference; lastKnownFileType = text.plist.xml; path = Info.plist; sourceTree = "<group>"; };
/* End PBXFileReference section */

/* Begin PBXFrameworksBuildPhase section */
		726E95CF1CCCCE1F00FFB351 /* Frameworks */ = {
			isa = PBXFrameworksBuildPhase;
			buildActionMask = 2147483647;
			files = (
			);
			runOnlyForDeploymentPostprocessing = 0;
		};
/* End PBXFrameworksBuildPhase section */

/* Begin PBXGroup section */
		726E95C91CCCCE1F00FFB351 = {
			isa = PBXGroup;
			children = (
				726E95D41CCCCE1F00FFB351 /* Test MDWamp with Thruway Router */,
				726E95D31CCCCE1F00FFB351 /* Products */,
			);
			sourceTree = "<group>";
		};
		726E95D31CCCCE1F00FFB351 /* Products */ = {
			isa = PBXGroup;
			children = (
				726E95D21CCCCE1F00FFB351 /* Test MDWamp with Thruway Router.app */,
			);
			name = Products;
			sourceTree = "<group>";
		};
		726E95D41CCCCE1F00FFB351 /* Test MDWamp with Thruway Router */ = {
			isa = PBXGroup;
			children = (
				726E95D51CCCCE1F00FFB351 /* AppDelegate.swift */,
				726E95D71CCCCE1F00FFB351 /* ViewController.swift */,
				726E95D91CCCCE1F00FFB351 /* Main.storyboard */,
				726E95DC1CCCCE1F00FFB351 /* Assets.xcassets */,
				726E95DE1CCCCE1F00FFB351 /* LaunchScreen.storyboard */,
				726E95E11CCCCE1F00FFB351 /* Info.plist */,
			);
			path = "Test MDWamp with Thruway Router";
			sourceTree = "<group>";
		};
/* End PBXGroup section */

/* Begin PBXNativeTarget section */
		726E95D11CCCCE1F00FFB351 /* Test MDWamp with Thruway Router */ = {
			isa = PBXNativeTarget;
			buildConfigurationList = 726E95E41CCCCE1F00FFB351 /* Build configuration list for PBXNativeTarget "Test MDWamp with Thruway Router" */;
			buildPhases = (
				726E95CE1CCCCE1F00FFB351 /* Sources */,
				726E95CF1CCCCE1F00FFB351 /* Frameworks */,
				726E95D01CCCCE1F00FFB351 /* Resources */,
			);
			buildRules = (
			);
			dependencies = (
			);
			name = "Test MDWamp with Thruway Router";
			productName = "Test MDWamp with Thruway Router";
			productReference = 726E95D21CCCCE1F00FFB351 /* Test MDWamp with Thruway Router.app */;
			productType = "com.apple.product-type.application";
		};
/* End PBXNativeTarget section */

/* Begin PBXProject section */
		726E95CA1CCCCE1F00FFB351 /* Project object */ = {
			isa = PBXProject;
			attributes = {
				LastSwiftUpdateCheck = 0730;
				LastUpgradeCheck = 0730;
				ORGANIZATIONNAME = "Dmitry Zarva";
				TargetAttributes = {
					726E95D11CCCCE1F00FFB351 = {
						CreatedOnToolsVersion = 7.3;
					};
				};
			};
			buildConfigurationList = 726E95CD1CCCCE1F00FFB351 /* Build configuration list for PBXProject "Test MDWamp with Thruway Router" */;
			compatibilityVersion = "Xcode 3.2";
			developmentRegion = English;
			hasScannedForEncodings = 0;
			knownRegions = (
				en,
				Base,
			);
			mainGroup = 726E95C91CCCCE1F00FFB351;
			productRefGroup = 726E95D31CCCCE1F00FFB351 /* Products */;
			projectDirPath = "";
			projectRoot = "";
			targets = (
				726E95D11CCCCE1F00FFB351 /* Test MDWamp with Thruway Router */,
			);
		};
/* End PBXProject section */

/* Begin PBXResourcesBuildPhase section */
		726E95D01CCCCE1F00FFB351 /* Resources */ = {
			isa = PBXResourcesBuildPhase;
			buildActionMask = 2147483647;
			files = (
				726E95E01CCCCE1F00FFB351 /* LaunchScreen.storyboard in Resources */,
				726E95DD1CCCCE1F00FFB351 /* Assets.xcassets in Resources */,
				726E95DB1CCCCE1F00FFB351 /* Main.storyboard in Resources */,
			);
			runOnlyForDeploymentPostprocessing = 0;
		};
/* End PBXResourcesBuildPhase section */

/* Begin PBXSourcesBuildPhase section */
		726E95CE1CCCCE1F00FFB351 /* Sources */ = {
			isa = PBXSourcesBuildPhase;
			buildActionMask = 2147483647;
			files = (
				726E95D81CCCCE1F00FFB351 /* ViewController.swift in Sources */,
				726E95D61CCCCE1F00FFB351 /* AppDelegate.swift in Sources */,
			);
			runOnlyForDeploymentPostprocessing = 0;
		};
/* End PBXSourcesBuildPhase section */

/* Begin PBXVariantGroup section */
		726E95D91CCCCE1F00FFB351 /* Main.storyboard */ = {
			isa = PBXVariantGroup;
			children = (
				726E95DA1CCCCE1F00FFB351 /* Base */,
			);
			name = Main.storyboard;
			sourceTree = "<group>";
		};
		726E95DE1CCCCE1F00FFB351 /* LaunchScreen.storyboard */ = {
			isa = PBXVariantGroup;
			children = (
				726E95DF1CCCCE1F00FFB351 /* Base */,
			);
			name = LaunchScreen.storyboard;
			sourceTree = "<group>";
		};
/* End PBXVariantGroup section */

/* Begin XCBuildConfiguration section */
		726E95E21CCCCE1F00FFB351 /* Debug */ = {
			isa = XCBuildConfiguration;
			buildSettings = {
				ALWAYS_SEARCH_USER_PATHS = NO;
				CLANG_ANALYZER_NONNULL = YES;
				CLANG_CXX_LANGUAGE_STANDARD = "gnu++0x";
				CLANG_CXX_LIBRARY = "libc++";
				CLANG_ENABLE_MODULES = YES;
				CLANG_ENABLE_OBJC_ARC = YES;
				CLANG_WARN_BOOL_CONVERSION = YES;
				CLANG_WARN_CONSTANT_CONVERSION = YES;
				CLANG_WARN_DIRECT_OBJC_ISA_USAGE = YES_ERROR;
				CLANG_WARN_EMPTY_BODY = YES;
				CLANG_WARN_ENUM_CONVERSION = YES;
				CLANG_WARN_INT_CONVERSION = YES;
				CLANG_WARN_OBJC_ROOT_CLASS = YES_ERROR;
				CLANG_WARN_UNREACHABLE_CODE = YES;
				CLANG_WARN__DUPLICATE_METHOD_MATCH = YES;
				"CODE_SIGN_IDENTITY[sdk=iphoneos*]" = "iPhone Developer";
				COPY_PHASE_STRIP = NO;
				DEBUG_INFORMATION_FORMAT = dwarf;
				ENABLE_STRICT_OBJC_MSGSEND = YES;
				ENABLE_TESTABILITY = YES;
				GCC_C_LANGUAGE_STANDARD = gnu99;
				GCC_DYNAMIC_NO_PIC = NO;
				GCC_NO_COMMON_BLOCKS = YES;
				GCC_OPTIMIZATION_LEVEL = 0;
				GCC_PREPROCESSOR_DEFINITIONS = (
					"DEBUG=1",
					"$(inherited)",
				);
				GCC_WARN_64_TO_32_BIT_CONVERSION = YES;
				GCC_WARN_ABOUT_RETURN_TYPE = YES_ERROR;
				GCC_WARN_UNDECLARED_SELECTOR = YES;
				GCC_WARN_UNINITIALIZED_AUTOS = YES_AGGRESSIVE;
				GCC_WARN_UNUSED_FUNCTION = YES;
				GCC_WARN_UNUSED_VARIABLE = YES;
				IPHONEOS_DEPLOYMENT_TARGET = 9.3;
				MTL_ENABLE_DEBUG_INFO = YES;
				ONLY_ACTIVE_ARCH = YES;
				SDKROOT = iphoneos;
				SWIFT_OPTIMIZATION_LEVEL = "-Onone";
				TARGETED_DEVICE_FAMILY = "1,2";
			};
			name = Debug;
		};
		726E95E31CCCCE1F00FFB351 /* Release */ = {
			isa = XCBuildConfiguration;
			buildSettings = {
				ALWAYS_SEARCH_USER_PATHS = NO;
				CLANG_ANALYZER_NONNULL = YES;
				CLANG_CXX_LANGUAGE_STANDARD = "gnu++0x";
				CLANG_CXX_LIBRARY = "libc++";
				CLANG_ENABLE_MODULES = YES;
				CLANG_ENABLE_OBJC_ARC = YES;
				CLANG_WARN_BOOL_CONVERSION = YES;
				CLANG_WARN_CONSTANT_CONVERSION = YES;
				CLANG_WARN_DIRECT_OBJC_ISA_USAGE = YES_ERROR;
				CLANG_WARN_EMPTY_BODY = YES;
				CLANG_WARN_ENUM_CONVERSION = YES;
				CLANG_WARN_INT_CONVERSION = YES;
				CLANG_WARN_OBJC_ROOT_CLASS = YES_ERROR;
				CLANG_WARN_UNREACHABLE_CODE = YES;
				CLANG_WARN__DUPLICATE_METHOD_MATCH = YES;
				"CODE_SIGN_IDENTITY[sdk=iphoneos*]" = "iPhone Developer";
				COPY_PHASE_STRIP = NO;
				DEBUG_INFORMATION_FORMAT = "dwarf-with-dsym";
				ENABLE_NS_ASSERTIONS = NO;
				ENABLE_STRICT_OBJC_MSGSEND = YES;
				GCC_C_LANGUAGE_STANDARD = gnu99;
				GCC_NO_COMMON_BLOCKS = YES;
				GCC_WARN_64_TO_32_BIT_CONVERSION = YES;
				GCC_WARN_ABOUT_RETURN_TYPE = YES_ERROR;
				GCC_WARN_UNDECLARED_SELECTOR = YES;
				GCC_WARN_UNINITIALIZED_AUTOS = YES_AGGRESSIVE;
				GCC_WARN_UNUSED_FUNCTION = YES;
				GCC_WARN_UNUSED_VARIABLE = YES;
				IPHONEOS_DEPLOYMENT_TARGET = 9.3;
				MTL_ENABLE_DEBUG_INFO = NO;
				SDKROOT = iphoneos;
				TARGETED_DEVICE_FAMILY = "1,2";
				VALIDATE_PRODUCT = YES;
			};
			name = Release;
		};
		726E95E51CCCCE1F00FFB351 /* Debug */ = {
			isa = XCBuildConfiguration;
			buildSettings = {
				ASSETCATALOG_COMPILER_APPICON_NAME = AppIcon;
				INFOPLIST_FILE = "Test MDWamp with Thruway Router/Info.plist";
				LD_RUNPATH_SEARCH_PATHS = "$(inherited) @executable_path/Frameworks";
				PRODUCT_BUNDLE_IDENTIFIER = "net.zarv1k.Test-MDWamp-with-Thruway-Router";
				PRODUCT_NAME = "$(TARGET_NAME)";
			};
			name = Debug;
		};
		726E95E61CCCCE1F00FFB351 /* Release */ = {
			isa = XCBuildConfiguration;
			buildSettings = {
				ASSETCATALOG_COMPILER_APPICON_NAME = AppIcon;
				INFOPLIST_FILE = "Test MDWamp with Thruway Router/Info.plist";
				LD_RUNPATH_SEARCH_PATHS = "$(inherited) @executable_path/Frameworks";
				PRODUCT_BUNDLE_IDENTIFIER = "net.zarv1k.Test-MDWamp-with-Thruway-Router";
				PRODUCT_NAME = "$(TARGET_NAME)";
			};
			name = Release;
		};
/* End XCBuildConfiguration section */

/* Begin XCConfigurationList section */
		726E95CD1CCCCE1F00FFB351 /* Build configuration list for PBXProject "Test MDWamp with Thruway Router" */ = {
			isa = XCConfigurationList;
			buildConfigurations = (
				726E95E21CCCCE1F00FFB351 /* Debug */,
				726E95E31CCCCE1F00FFB351 /* Release */,
			);
			defaultConfigurationIsVisible = 0;
			defaultConfigurationName = Release;
		};
		726E95E41CCCCE1F00FFB351 /* Build configuration list for PBXNativeTarget "Test MDWamp with Thruway Router" */ = {
			isa = XCConfigurationList;
			buildConfigurations = (
				726E95E51CCCCE1F00FFB351 /* Debug */,
				726E95E61CCCCE1F00FFB351 /* Release */,
			);
			defaultConfigurationIsVisible = 0;
		};
/* End XCConfigurationList section */
	};
	rootObject = 726E95CA1CCCCE1F00FFB351 /* Project object */;
}
